// !$*UTF8*$!
{
	archiveVersion = 1;
	classes = {
	};
	objectVersion = 46;
	objects = {

/* Begin PBXBuildFile section */
		E05CE8E21824156500AC7DBB /* Foundation.framework in Frameworks */ = {isa = PBXBuildFile; fileRef = E05CE8E11824156500AC7DBB /* Foundation.framework */; };
		E05CE8E41824156500AC7DBB /* CoreGraphics.framework in Frameworks */ = {isa = PBXBuildFile; fileRef = E05CE8E31824156500AC7DBB /* CoreGraphics.framework */; };
		E05CE8E61824156500AC7DBB /* UIKit.framework in Frameworks */ = {isa = PBXBuildFile; fileRef = E05CE8E51824156500AC7DBB /* UIKit.framework */; };
		E05CE8EC1824156500AC7DBB /* InfoPlist.strings in Resources */ = {isa = PBXBuildFile; fileRef = E05CE8EA1824156500AC7DBB /* InfoPlist.strings */; };
		E05CE8EE1824156500AC7DBB /* main.m in Sources */ = {isa = PBXBuildFile; fileRef = E05CE8ED1824156500AC7DBB /* main.m */; };
		E05CE8F21824156500AC7DBB /* ZGLAppDelegate.m in Sources */ = {isa = PBXBuildFile; fileRef = E05CE8F11824156500AC7DBB /* ZGLAppDelegate.m */; };
		E05CE8F51824156500AC7DBB /* Main.storyboard in Resources */ = {isa = PBXBuildFile; fileRef = E05CE8F31824156500AC7DBB /* Main.storyboard */; };
		E05CE8F81824156500AC7DBB /* ZGLViewController.m in Sources */ = {isa = PBXBuildFile; fileRef = E05CE8F71824156500AC7DBB /* ZGLViewController.m */; };
		E05CE8FA1824156500AC7DBB /* Images.xcassets in Resources */ = {isa = PBXBuildFile; fileRef = E05CE8F91824156500AC7DBB /* Images.xcassets */; };
		E05CE9011824156500AC7DBB /* XCTest.framework in Frameworks */ = {isa = PBXBuildFile; fileRef = E05CE9001824156500AC7DBB /* XCTest.framework */; };
		E05CE9021824156500AC7DBB /* Foundation.framework in Frameworks */ = {isa = PBXBuildFile; fileRef = E05CE8E11824156500AC7DBB /* Foundation.framework */; };
		E05CE9031824156500AC7DBB /* UIKit.framework in Frameworks */ = {isa = PBXBuildFile; fileRef = E05CE8E51824156500AC7DBB /* UIKit.framework */; };
		E05CE90B1824156500AC7DBB /* InfoPlist.strings in Resources */ = {isa = PBXBuildFile; fileRef = E05CE9091824156500AC7DBB /* InfoPlist.strings */; };
		E05CE90D1824156500AC7DBB /* GeoLoggerTests.m in Sources */ = {isa = PBXBuildFile; fileRef = E05CE90C1824156500AC7DBB /* GeoLoggerTests.m */; };
		E05CE917182415AE00AC7DBB /* MapKit.framework in Frameworks */ = {isa = PBXBuildFile; fileRef = E05CE916182415AE00AC7DBB /* MapKit.framework */; };
		E05CE91D18241B4F00AC7DBB /* ZGLLocationSource.m in Sources */ = {isa = PBXBuildFile; fileRef = E05CE91C18241B4F00AC7DBB /* ZGLLocationSource.m */; };
		E05CE91E18241B4F00AC7DBB /* ZGLLocationSource.m in Sources */ = {isa = PBXBuildFile; fileRef = E05CE91C18241B4F00AC7DBB /* ZGLLocationSource.m */; };
/* End PBXBuildFile section */

/* Begin PBXContainerItemProxy section */
		E05CE9041824156500AC7DBB /* PBXContainerItemProxy */ = {
			isa = PBXContainerItemProxy;
			containerPortal = E05CE8D61824156500AC7DBB /* Project object */;
			proxyType = 1;
			remoteGlobalIDString = E05CE8DD1824156500AC7DBB;
			remoteInfo = GeoLogger;
		};
/* End PBXContainerItemProxy section */

/* Begin PBXFileReference section */
		E05CE8DE1824156500AC7DBB /* GeoLogger.app */ = {isa = PBXFileReference; explicitFileType = wrapper.application; includeInIndex = 0; path = GeoLogger.app; sourceTree = BUILT_PRODUCTS_DIR; };
		E05CE8E11824156500AC7DBB /* Foundation.framework */ = {isa = PBXFileReference; lastKnownFileType = wrapper.framework; name = Foundation.framework; path = System/Library/Frameworks/Foundation.framework; sourceTree = SDKROOT; };
		E05CE8E31824156500AC7DBB /* CoreGraphics.framework */ = {isa = PBXFileReference; lastKnownFileType = wrapper.framework; name = CoreGraphics.framework; path = System/Library/Frameworks/CoreGraphics.framework; sourceTree = SDKROOT; };
		E05CE8E51824156500AC7DBB /* UIKit.framework */ = {isa = PBXFileReference; lastKnownFileType = wrapper.framework; name = UIKit.framework; path = System/Library/Frameworks/UIKit.framework; sourceTree = SDKROOT; };
		E05CE8E91824156500AC7DBB /* GeoLogger-Info.plist */ = {isa = PBXFileReference; lastKnownFileType = text.plist.xml; path = "GeoLogger-Info.plist"; sourceTree = "<group>"; };
		E05CE8EB1824156500AC7DBB /* en */ = {isa = PBXFileReference; lastKnownFileType = text.plist.strings; name = en; path = en.lproj/InfoPlist.strings; sourceTree = "<group>"; };
		E05CE8ED1824156500AC7DBB /* main.m */ = {isa = PBXFileReference; lastKnownFileType = sourcecode.c.objc; path = main.m; sourceTree = "<group>"; };
		E05CE8EF1824156500AC7DBB /* GeoLogger-Prefix.pch */ = {isa = PBXFileReference; lastKnownFileType = sourcecode.c.h; path = "GeoLogger-Prefix.pch"; sourceTree = "<group>"; };
		E05CE8F01824156500AC7DBB /* ZGLAppDelegate.h */ = {isa = PBXFileReference; lastKnownFileType = sourcecode.c.h; path = ZGLAppDelegate.h; sourceTree = "<group>"; };
		E05CE8F11824156500AC7DBB /* ZGLAppDelegate.m */ = {isa = PBXFileReference; lastKnownFileType = sourcecode.c.objc; path = ZGLAppDelegate.m; sourceTree = "<group>"; };
		E05CE8F41824156500AC7DBB /* Base */ = {isa = PBXFileReference; lastKnownFileType = file.storyboard; name = Base; path = Base.lproj/Main.storyboard; sourceTree = "<group>"; };
		E05CE8F61824156500AC7DBB /* ZGLViewController.h */ = {isa = PBXFileReference; lastKnownFileType = sourcecode.c.h; name = ZGLViewController.h; path = GeoLogger/ZGLViewController.h; sourceTree = "<group>"; };
		E05CE8F71824156500AC7DBB /* ZGLViewController.m */ = {isa = PBXFileReference; lastKnownFileType = sourcecode.c.objc; name = ZGLViewController.m; path = GeoLogger/ZGLViewController.m; sourceTree = "<group>"; };
		E05CE8F91824156500AC7DBB /* Images.xcassets */ = {isa = PBXFileReference; lastKnownFileType = folder.assetcatalog; path = Images.xcassets; sourceTree = "<group>"; };
		E05CE8FF1824156500AC7DBB /* GeoLoggerTests.xctest */ = {isa = PBXFileReference; explicitFileType = wrapper.cfbundle; includeInIndex = 0; path = GeoLoggerTests.xctest; sourceTree = BUILT_PRODUCTS_DIR; };
		E05CE9001824156500AC7DBB /* XCTest.framework */ = {isa = PBXFileReference; lastKnownFileType = wrapper.framework; name = XCTest.framework; path = Library/Frameworks/XCTest.framework; sourceTree = DEVELOPER_DIR; };
		E05CE9081824156500AC7DBB /* GeoLoggerTests-Info.plist */ = {isa = PBXFileReference; lastKnownFileType = text.plist.xml; path = "GeoLoggerTests-Info.plist"; sourceTree = "<group>"; };
		E05CE90A1824156500AC7DBB /* en */ = {isa = PBXFileReference; lastKnownFileType = text.plist.strings; name = en; path = en.lproj/InfoPlist.strings; sourceTree = "<group>"; };
		E05CE90C1824156500AC7DBB /* GeoLoggerTests.m */ = {isa = PBXFileReference; lastKnownFileType = sourcecode.c.objc; path = GeoLoggerTests.m; sourceTree = "<group>"; };
		E05CE916182415AE00AC7DBB /* MapKit.framework */ = {isa = PBXFileReference; lastKnownFileType = wrapper.framework; name = MapKit.framework; path = System/Library/Frameworks/MapKit.framework; sourceTree = SDKROOT; };
		E05CE91B18241B4F00AC7DBB /* ZGLLocationSource.h */ = {isa = PBXFileReference; fileEncoding = 4; lastKnownFileType = sourcecode.c.h; path = ZGLLocationSource.h; sourceTree = "<group>"; };
		E05CE91C18241B4F00AC7DBB /* ZGLLocationSource.m */ = {isa = PBXFileReference; fileEncoding = 4; lastKnownFileType = sourcecode.c.objc; path = ZGLLocationSource.m; sourceTree = "<group>"; };
/* End PBXFileReference section */

/* Begin PBXFrameworksBuildPhase section */
		E05CE8DB1824156500AC7DBB /* Frameworks */ = {
			isa = PBXFrameworksBuildPhase;
			buildActionMask = 2147483647;
			files = (
				E05CE8E41824156500AC7DBB /* CoreGraphics.framework in Frameworks */,
				E05CE8E61824156500AC7DBB /* UIKit.framework in Frameworks */,
				E05CE917182415AE00AC7DBB /* MapKit.framework in Frameworks */,
				E05CE8E21824156500AC7DBB /* Foundation.framework in Frameworks */,
			);
			runOnlyForDeploymentPostprocessing = 0;
		};
		E05CE8FC1824156500AC7DBB /* Frameworks */ = {
			isa = PBXFrameworksBuildPhase;
			buildActionMask = 2147483647;
			files = (
				E05CE9011824156500AC7DBB /* XCTest.framework in Frameworks */,
				E05CE9031824156500AC7DBB /* UIKit.framework in Frameworks */,
				E05CE9021824156500AC7DBB /* Foundation.framework in Frameworks */,
			);
			runOnlyForDeploymentPostprocessing = 0;
		};
/* End PBXFrameworksBuildPhase section */

/* Begin PBXGroup section */
		E05CE8D51824156500AC7DBB = {
			isa = PBXGroup;
			children = (
				E05CE9181824181300AC7DBB /* Model */,
				E05CE91A1824182800AC7DBB /* Controllers */,
				E05CE9191824181D00AC7DBB /* Views */,
				E05CE8E71824156500AC7DBB /* GeoLogger */,
				E05CE9061824156500AC7DBB /* GeoLoggerTests */,
				E05CE8E01824156500AC7DBB /* Frameworks */,
				E05CE8DF1824156500AC7DBB /* Products */,
			);
			sourceTree = "<group>";
		};
		E05CE8DF1824156500AC7DBB /* Products */ = {
			isa = PBXGroup;
			children = (
				E05CE8DE1824156500AC7DBB /* GeoLogger.app */,
				E05CE8FF1824156500AC7DBB /* GeoLoggerTests.xctest */,
			);
			name = Products;
			sourceTree = "<group>";
		};
		E05CE8E01824156500AC7DBB /* Frameworks */ = {
			isa = PBXGroup;
			children = (
				E05CE916182415AE00AC7DBB /* MapKit.framework */,
				E05CE8E11824156500AC7DBB /* Foundation.framework */,
				E05CE8E31824156500AC7DBB /* CoreGraphics.framework */,
				E05CE8E51824156500AC7DBB /* UIKit.framework */,
				E05CE9001824156500AC7DBB /* XCTest.framework */,
			);
			name = Frameworks;
			sourceTree = "<group>";
		};
		E05CE8E71824156500AC7DBB /* GeoLogger */ = {
			isa = PBXGroup;
			children = (
				E05CE8F01824156500AC7DBB /* ZGLAppDelegate.h */,
				E05CE8F11824156500AC7DBB /* ZGLAppDelegate.m */,
				E05CE8E81824156500AC7DBB /* Supporting Files */,
			);
			path = GeoLogger;
			sourceTree = "<group>";
		};
		E05CE8E81824156500AC7DBB /* Supporting Files */ = {
			isa = PBXGroup;
			children = (
				E05CE8E91824156500AC7DBB /* GeoLogger-Info.plist */,
				E05CE8EA1824156500AC7DBB /* InfoPlist.strings */,
				E05CE8ED1824156500AC7DBB /* main.m */,
				E05CE8EF1824156500AC7DBB /* GeoLogger-Prefix.pch */,
			);
			name = "Supporting Files";
			sourceTree = "<group>";
		};
		E05CE9061824156500AC7DBB /* GeoLoggerTests */ = {
			isa = PBXGroup;
			children = (
				E05CE90C1824156500AC7DBB /* GeoLoggerTests.m */,
				E05CE9071824156500AC7DBB /* Supporting Files */,
			);
			path = GeoLoggerTests;
			sourceTree = "<group>";
		};
		E05CE9071824156500AC7DBB /* Supporting Files */ = {
			isa = PBXGroup;
			children = (
				E05CE9081824156500AC7DBB /* GeoLoggerTests-Info.plist */,
				E05CE9091824156500AC7DBB /* InfoPlist.strings */,
			);
			name = "Supporting Files";
			sourceTree = "<group>";
		};
		E05CE9181824181300AC7DBB /* Model */ = {
			isa = PBXGroup;
			children = (
				E05CE91B18241B4F00AC7DBB /* ZGLLocationSource.h */,
				E05CE91C18241B4F00AC7DBB /* ZGLLocationSource.m */,
			);
			name = Model;
			sourceTree = "<group>";
		};
		E05CE9191824181D00AC7DBB /* Views */ = {
			isa = PBXGroup;
			children = (
				E05CE8F31824156500AC7DBB /* Main.storyboard */,
				E05CE8F91824156500AC7DBB /* Images.xcassets */,
			);
			name = Views;
			path = GeoLogger;
			sourceTree = "<group>";
		};
		E05CE91A1824182800AC7DBB /* Controllers */ = {
			isa = PBXGroup;
			children = (
				E05CE8F61824156500AC7DBB /* ZGLViewController.h */,
				E05CE8F71824156500AC7DBB /* ZGLViewController.m */,
			);
			name = Controllers;
			sourceTree = "<group>";
		};
/* End PBXGroup section */

/* Begin PBXNativeTarget section */
		E05CE8DD1824156500AC7DBB /* GeoLogger */ = {
			isa = PBXNativeTarget;
			buildConfigurationList = E05CE9101824156500AC7DBB /* Build configuration list for PBXNativeTarget "GeoLogger" */;
			buildPhases = (
				E05CE8DA1824156500AC7DBB /* Sources */,
				E05CE8DB1824156500AC7DBB /* Frameworks */,
				E05CE8DC1824156500AC7DBB /* Resources */,
			);
			buildRules = (
			);
			dependencies = (
			);
			name = GeoLogger;
			productName = GeoLogger;
			productReference = E05CE8DE1824156500AC7DBB /* GeoLogger.app */;
			productType = "com.apple.product-type.application";
		};
		E05CE8FE1824156500AC7DBB /* GeoLoggerTests */ = {
			isa = PBXNativeTarget;
			buildConfigurationList = E05CE9131824156500AC7DBB /* Build configuration list for PBXNativeTarget "GeoLoggerTests" */;
			buildPhases = (
				E05CE8FB1824156500AC7DBB /* Sources */,
				E05CE8FC1824156500AC7DBB /* Frameworks */,
				E05CE8FD1824156500AC7DBB /* Resources */,
			);
			buildRules = (
			);
			dependencies = (
				E05CE9051824156500AC7DBB /* PBXTargetDependency */,
			);
			name = GeoLoggerTests;
			productName = GeoLoggerTests;
			productReference = E05CE8FF1824156500AC7DBB /* GeoLoggerTests.xctest */;
			productType = "com.apple.product-type.bundle.unit-test";
		};
/* End PBXNativeTarget section */

/* Begin PBXProject section */
		E05CE8D61824156500AC7DBB /* Project object */ = {
			isa = PBXProject;
			attributes = {
				CLASSPREFIX = ZGL;
				LastUpgradeCheck = 0500;
				ORGANIZATIONNAME = "Zsolt Kiraly";
				TargetAttributes = {
					E05CE8DD1824156500AC7DBB = {
						SystemCapabilities = {
							com.apple.BackgroundModes = {
								enabled = 1;
							};
							com.apple.iOS = {
								enabled = 1;
							};
						};
					};
					E05CE8FE1824156500AC7DBB = {
						TestTargetID = E05CE8DD1824156500AC7DBB;
					};
				};
			};
			buildConfigurationList = E05CE8D91824156500AC7DBB /* Build configuration list for PBXProject "GeoLogger" */;
			compatibilityVersion = "Xcode 3.2";
			developmentRegion = English;
			hasScannedForEncodings = 0;
			knownRegions = (
				en,
				Base,
			);
			mainGroup = E05CE8D51824156500AC7DBB;
			productRefGroup = E05CE8DF1824156500AC7DBB /* Products */;
			projectDirPath = "";
			projectRoot = "";
			targets = (
				E05CE8DD1824156500AC7DBB /* GeoLogger */,
				E05CE8FE1824156500AC7DBB /* GeoLoggerTests */,
			);
		};
/* End PBXProject section */

/* Begin PBXResourcesBuildPhase section */
		E05CE8DC1824156500AC7DBB /* Resources */ = {
			isa = PBXResourcesBuildPhase;
			buildActionMask = 2147483647;
			files = (
				E05CE8FA1824156500AC7DBB /* Images.xcassets in Resources */,
				E05CE8EC1824156500AC7DBB /* InfoPlist.strings in Resources */,
				E05CE8F51824156500AC7DBB /* Main.storyboard in Resources */,
			);
			runOnlyForDeploymentPostprocessing = 0;
		};
		E05CE8FD1824156500AC7DBB /* Resources */ = {
			isa = PBXResourcesBuildPhase;
			buildActionMask = 2147483647;
			files = (
				E05CE90B1824156500AC7DBB /* InfoPlist.strings in Resources */,
			);
			runOnlyForDeploymentPostprocessing = 0;
		};
/* End PBXResourcesBuildPhase section */

/* Begin PBXSourcesBuildPhase section */
		E05CE8DA1824156500AC7DBB /* Sources */ = {
			isa = PBXSourcesBuildPhase;
			buildActionMask = 2147483647;
			files = (
				E05CE8F81824156500AC7DBB /* ZGLViewController.m in Sources */,
				E05CE91D18241B4F00AC7DBB /* ZGLLocationSource.m in Sources */,
				E05CE8F21824156500AC7DBB /* ZGLAppDelegate.m in Sources */,
				E05CE8EE1824156500AC7DBB /* main.m in Sources */,
			);
			runOnlyForDeploymentPostprocessing = 0;
		};
		E05CE8FB1824156500AC7DBB /* Sources */ = {
			isa = PBXSourcesBuildPhase;
			buildActionMask = 2147483647;
			files = (
				E05CE90D1824156500AC7DBB /* GeoLoggerTests.m in Sources */,
				E05CE91E18241B4F00AC7DBB /* ZGLLocationSource.m in Sources */,
			);
			runOnlyForDeploymentPostprocessing = 0;
		};
/* End PBXSourcesBuildPhase section */

/* Begin PBXTargetDependency section */
		E05CE9051824156500AC7DBB /* PBXTargetDependency */ = {
			isa = PBXTargetDependency;
			target = E05CE8DD1824156500AC7DBB /* GeoLogger */;
			targetProxy = E05CE9041824156500AC7DBB /* PBXContainerItemProxy */;
		};
/* End PBXTargetDependency section */

/* Begin PBXVariantGroup section */
		E05CE8EA1824156500AC7DBB /* InfoPlist.strings */ = {
			isa = PBXVariantGroup;
			children = (
				E05CE8EB1824156500AC7DBB /* en */,
			);
			name = InfoPlist.strings;
			sourceTree = "<group>";
		};
		E05CE8F31824156500AC7DBB /* Main.storyboard */ = {
			isa = PBXVariantGroup;
			children = (
				E05CE8F41824156500AC7DBB /* Base */,
			);
			name = Main.storyboard;
			sourceTree = "<group>";
		};
		E05CE9091824156500AC7DBB /* InfoPlist.strings */ = {
			isa = PBXVariantGroup;
			children = (
				E05CE90A1824156500AC7DBB /* en */,
			);
			name = InfoPlist.strings;
			sourceTree = "<group>";
		};
/* End PBXVariantGroup section */

/* Begin XCBuildConfiguration section */
		E05CE90E1824156500AC7DBB /* Debug */ = {
			isa = XCBuildConfiguration;
			buildSettings = {
				ALWAYS_SEARCH_USER_PATHS = NO;
				ARCHS = "$(ARCHS_STANDARD_INCLUDING_64_BIT)";
				CLANG_CXX_LANGUAGE_STANDARD = "gnu++0x";
				CLANG_CXX_LIBRARY = "libc++";
				CLANG_ENABLE_MODULES = YES;
				CLANG_ENABLE_OBJC_ARC = YES;
				CLANG_WARN_BOOL_CONVERSION = YES;
				CLANG_WARN_CONSTANT_CONVERSION = YES;
				CLANG_WARN_DIRECT_OBJC_ISA_USAGE = YES_ERROR;
				CLANG_WARN_EMPTY_BODY = YES;
				CLANG_WARN_ENUM_CONVERSION = YES;
				CLANG_WARN_INT_CONVERSION = YES;
				CLANG_WARN_OBJC_ROOT_CLASS = YES_ERROR;
				CLANG_WARN__DUPLICATE_METHOD_MATCH = YES;
				"CODE_SIGN_IDENTITY[sdk=iphoneos*]" = "iPhone Developer";
				COPY_PHASE_STRIP = NO;
				GCC_C_LANGUAGE_STANDARD = gnu99;
				GCC_DYNAMIC_NO_PIC = NO;
				GCC_OPTIMIZATION_LEVEL = 0;
				GCC_PREPROCESSOR_DEFINITIONS = (
					"DEBUG=1",
					"$(inherited)",
				);
				GCC_SYMBOLS_PRIVATE_EXTERN = NO;
				GCC_WARN_64_TO_32_BIT_CONVERSION = YES;
				GCC_WARN_ABOUT_RETURN_TYPE = YES_ERROR;
				GCC_WARN_UNDECLARED_SELECTOR = YES;
				GCC_WARN_UNINITIALIZED_AUTOS = YES;
				GCC_WARN_UNUSED_FUNCTION = YES;
				GCC_WARN_UNUSED_VARIABLE = YES;
				IPHONEOS_DEPLOYMENT_TARGET = 7.0;
				ONLY_ACTIVE_ARCH = YES;
				SDKROOT = iphoneos;
			};
			name = Debug;
		};
		E05CE90F1824156500AC7DBB /* Release */ = {
			isa = XCBuildConfiguration;
			buildSettings = {
				ALWAYS_SEARCH_USER_PATHS = NO;
				ARCHS = "$(ARCHS_STANDARD_INCLUDING_64_BIT)";
				CLANG_CXX_LANGUAGE_STANDARD = "gnu++0x";
				CLANG_CXX_LIBRARY = "libc++";
				CLANG_ENABLE_MODULES = YES;
				CLANG_ENABLE_OBJC_ARC = YES;
				CLANG_WARN_BOOL_CONVERSION = YES;
				CLANG_WARN_CONSTANT_CONVERSION = YES;
				CLANG_WARN_DIRECT_OBJC_ISA_USAGE = YES_ERROR;
				CLANG_WARN_EMPTY_BODY = YES;
				CLANG_WARN_ENUM_CONVERSION = YES;
				CLANG_WARN_INT_CONVERSION = YES;
				CLANG_WARN_OBJC_ROOT_CLASS = YES_ERROR;
				CLANG_WARN__DUPLICATE_METHOD_MATCH = YES;
				"CODE_SIGN_IDENTITY[sdk=iphoneos*]" = "iPhone Developer";
				COPY_PHASE_STRIP = YES;
				ENABLE_NS_ASSERTIONS = NO;
				GCC_C_LANGUAGE_STANDARD = gnu99;
				GCC_WARN_64_TO_32_BIT_CONVERSION = YES;
				GCC_WARN_ABOUT_RETURN_TYPE = YES_ERROR;
				GCC_WARN_UNDECLARED_SELECTOR = YES;
				GCC_WARN_UNINITIALIZED_AUTOS = YES;
				GCC_WARN_UNUSED_FUNCTION = YES;
				GCC_WARN_UNUSED_VARIABLE = YES;
				IPHONEOS_DEPLOYMENT_TARGET = 7.0;
				SDKROOT = iphoneos;
				VALIDATE_PRODUCT = YES;
			};
			name = Release;
		};
		E05CE9111824156500AC7DBB /* Debug */ = {
			isa = XCBuildConfiguration;
			buildSettings = {
				ASSETCATALOG_COMPILER_APPICON_NAME = AppIcon;
				ASSETCATALOG_COMPILER_LAUNCHIMAGE_NAME = LaunchImage;
				GCC_PRECOMPILE_PREFIX_HEADER = YES;
				GCC_PREFIX_HEADER = "GeoLogger/GeoLogger-Prefix.pch";
				INFOPLIST_FILE = "GeoLogger/GeoLogger-Info.plist";
				PRODUCT_NAME = "$(TARGET_NAME)";
				WRAPPER_EXTENSION = app;
			};
			name = Debug;
		};
		E05CE9121824156500AC7DBB /* Release */ = {
			isa = XCBuildConfiguration;
			buildSettings = {
				ASSETCATALOG_COMPILER_APPICON_NAME = AppIcon;
				ASSETCATALOG_COMPILER_LAUNCHIMAGE_NAME = LaunchImage;
				GCC_PRECOMPILE_PREFIX_HEADER = YES;
				GCC_PREFIX_HEADER = "GeoLogger/GeoLogger-Prefix.pch";
				INFOPLIST_FILE = "GeoLogger/GeoLogger-Info.plist";
				PRODUCT_NAME = "$(TARGET_NAME)";
				WRAPPER_EXTENSION = app;
			};
			name = Release;
		};
		E05CE9141824156500AC7DBB /* Debug */ = {
			isa = XCBuildConfiguration;
			buildSettings = {
				ARCHS = "$(ARCHS_STANDARD_INCLUDING_64_BIT)";
				BUNDLE_LOADER = "$(BUILT_PRODUCTS_DIR)/GeoLogger.app/GeoLogger";
				FRAMEWORK_SEARCH_PATHS = (
					"$(SDKROOT)/Developer/Library/Frameworks",
					"$(inherited)",
					"$(DEVELOPER_FRAMEWORKS_DIR)",
				);
				GCC_PRECOMPILE_PREFIX_HEADER = YES;
				GCC_PREFIX_HEADER = "GeoLogger/GeoLogger-Prefix.pch";
				GCC_PREPROCESSOR_DEFINITIONS = (
					"DEBUG=1",
					"$(inherited)",
				);
				INFOPLIST_FILE = "GeoLoggerTests/GeoLoggerTests-Info.plist";
				PRODUCT_NAME = "$(TARGET_NAME)";
				TEST_HOST = "$(BUNDLE_LOADER)";
				WRAPPER_EXTENSION = xctest;
			};
			name = Debug;
		};
		E05CE9151824156500AC7DBB /* Release */ = {
			isa = XCBuildConfiguration;
			buildSettings = {
				ARCHS = "$(ARCHS_STANDARD_INCLUDING_64_BIT)";
				BUNDLE_LOADER = "$(BUILT_PRODUCTS_DIR)/GeoLogger.app/GeoLogger";
				FRAMEWORK_SEARCH_PATHS = (
					"$(SDKROOT)/Developer/Library/Frameworks",
					"$(inherited)",
					"$(DEVELOPER_FRAMEWORKS_DIR)",
				);
				GCC_PRECOMPILE_PREFIX_HEADER = YES;
				GCC_PREFIX_HEADER = "GeoLogger/GeoLogger-Prefix.pch";
				INFOPLIST_FILE = "GeoLoggerTests/GeoLoggerTests-Info.plist";
				PRODUCT_NAME = "$(TARGET_NAME)";
				TEST_HOST = "$(BUNDLE_LOADER)";
				WRAPPER_EXTENSION = xctest;
			};
			name = Release;
		};
/* End XCBuildConfiguration section */

/* Begin XCConfigurationList section */
		E05CE8D91824156500AC7DBB /* Build configuration list for PBXProject "GeoLogger" */ = {
			isa = XCConfigurationList;
			buildConfigurations = (
				E05CE90E1824156500AC7DBB /* Debug */,
				E05CE90F1824156500AC7DBB /* Release */,
			);
			defaultConfigurationIsVisible = 0;
			defaultConfigurationName = Release;
		};
		E05CE9101824156500AC7DBB /* Build configuration list for PBXNativeTarget "GeoLogger" */ = {
			isa = XCConfigurationList;
			buildConfigurations = (
				E05CE9111824156500AC7DBB /* Debug */,
				E05CE9121824156500AC7DBB /* Release */,
			);
			defaultConfigurationIsVisible = 0;
		};
		E05CE9131824156500AC7DBB /* Build configuration list for PBXNativeTarget "GeoLoggerTests" */ = {
			isa = XCConfigurationList;
			buildConfigurations = (
				E05CE9141824156500AC7DBB /* Debug */,
				E05CE9151824156500AC7DBB /* Release */,
			);
			defaultConfigurationIsVisible = 0;
		};
/* End XCConfigurationList section */
	};
	rootObject = E05CE8D61824156500AC7DBB /* Project object */;
}
